
Microsoft Visual Studio Solution File, Format Version 12.00
Project("{FAE04EC0-301F-11D3-BF4B-00C04F79EFBC}") = "p3ppc.deDuplicator", "p3ppc.deDuplicator\p3ppc.deDuplicator.csproj", "{B6954C96-D741-4BBD-9F0B-604464814206}"
EndProject
Global
	GlobalSection(SolutionConfigurationPlatforms) = preSolution
		Debug|Any CPU = Debug|Any CPU
		Release|Any CPU = Release|Any CPU
	EndGlobalSection
	GlobalSection(ProjectConfigurationPlatforms) = postSolution
		{B6954C96-D741-4BBD-9F0B-604464814206}.Debug|Any CPU.ActiveCfg = Debug|Any CPU
		{B6954C96-D741-4BBD-9F0B-604464814206}.Debug|Any CPU.Build.0 = Debug|Any CPU
		{B6954C96-D741-4BBD-9F0B-604464814206}.Release|Any CPU.ActiveCfg = Release|Any CPU
		{B6954C96-D741-4BBD-9F0B-604464814206}.Release|Any CPU.Build.0 = Release|Any CPU
	EndGlobalSection
EndGlobal
